
Microsoft Visual Studio Solution File, Format Version 12.00
Project("{2150E333-8FDC-42A3-9474-1A3956D46DE8}") = "LolBet.Core", "LolBet.Core", "{3E3A4347-B540-4628-8F4A-1A862813FD23}"
EndProject
Project("{FAE04EC0-301F-11D3-BF4B-00C04F79EFBC}") = "LolBet.Core.Domain", "LolBet.Core.Domain\LolBet.Core.Domain.csproj", "{050FEA84-31D6-4D4D-983E-DE1F0D806148}"
EndProject
Project("{FAE04EC0-301F-11D3-BF4B-00C04F79EFBC}") = "LolBet.Core.Test.Unit", "LolBet.Core.Test.Unit\LolBet.Core.Test.Unit.csproj", "{544F7DBA-D9FE-4774-9FE8-13F7D67A18C2}"
EndProject
Project("{2150E333-8FDC-42A3-9474-1A3956D46DE8}") = "LolBet.Shared", "LolBet.Shared", "{613C7BA6-52CE-461B-9B21-F4BCC84C4DB4}"
EndProject
Project("{2150E333-8FDC-42A3-9474-1A3956D46DE8}") = "LolBet.Runtime", "LolBet.Runtime", "{10D83BE9-CEB5-4B8A-B9C8-E6313657CF1C}"
EndProject
Project("{FAE04EC0-301F-11D3-BF4B-00C04F79EFBC}") = "LolBet.Runtime.Api", "LolBet.Runtime.Api\LolBet.Runtime.Api.csproj", "{12387B93-F028-46B6-8F12-59BAE8CC4722}"
EndProject
Project("{FAE04EC0-301F-11D3-BF4B-00C04F79EFBC}") = "LolBet.Core.Application", "LolBet.Core.Application\LolBet.Core.Application.csproj", "{A7FFE72C-8642-40C5-B3FF-49C828290DE5}"
EndProject
Project("{FAE04EC0-301F-11D3-BF4B-00C04F79EFBC}") = "LolBet.Core.Infrastructure", "LolBet.Core.Infrastructure\LolBet.Core.Infrastructure.csproj", "{300E9B56-BF28-4D97-BEB8-6B0DB4970E06}"
EndProject
Project("{FAE04EC0-301F-11D3-BF4B-00C04F79EFBC}") = "LolBet.Shared.Domain", "LolBet.Shared.Domain\LolBet.Shared.Domain.csproj", "{68099389-AD72-4A95-BE3D-14A9B03B4881}"
EndProject
Project("{FAE04EC0-301F-11D3-BF4B-00C04F79EFBC}") = "LolBet.Shared.Infrastructure", "LolBet.Shared.Infrastructure\LolBet.Shared.Infrastructure.csproj", "{549FCA83-CC37-4B56-B0F7-F48CAA3A0AEE}"
EndProject
Global
	GlobalSection(SolutionConfigurationPlatforms) = preSolution
		Debug|Any CPU = Debug|Any CPU
		Release|Any CPU = Release|Any CPU
	EndGlobalSection
	GlobalSection(NestedProjects) = preSolution
		{050FEA84-31D6-4D4D-983E-DE1F0D806148} = {3E3A4347-B540-4628-8F4A-1A862813FD23}
		{544F7DBA-D9FE-4774-9FE8-13F7D67A18C2} = {3E3A4347-B540-4628-8F4A-1A862813FD23}
		{12387B93-F028-46B6-8F12-59BAE8CC4722} = {10D83BE9-CEB5-4B8A-B9C8-E6313657CF1C}
		{A7FFE72C-8642-40C5-B3FF-49C828290DE5} = {3E3A4347-B540-4628-8F4A-1A862813FD23}
		{300E9B56-BF28-4D97-BEB8-6B0DB4970E06} = {3E3A4347-B540-4628-8F4A-1A862813FD23}
		{68099389-AD72-4A95-BE3D-14A9B03B4881} = {613C7BA6-52CE-461B-9B21-F4BCC84C4DB4}
		{549FCA83-CC37-4B56-B0F7-F48CAA3A0AEE} = {613C7BA6-52CE-461B-9B21-F4BCC84C4DB4}
	EndGlobalSection
	GlobalSection(ProjectConfigurationPlatforms) = postSolution
		{050FEA84-31D6-4D4D-983E-DE1F0D806148}.Debug|Any CPU.ActiveCfg = Debug|Any CPU
		{050FEA84-31D6-4D4D-983E-DE1F0D806148}.Debug|Any CPU.Build.0 = Debug|Any CPU
		{050FEA84-31D6-4D4D-983E-DE1F0D806148}.Release|Any CPU.ActiveCfg = Release|Any CPU
		{050FEA84-31D6-4D4D-983E-DE1F0D806148}.Release|Any CPU.Build.0 = Release|Any CPU
		{544F7DBA-D9FE-4774-9FE8-13F7D67A18C2}.Debug|Any CPU.ActiveCfg = Debug|Any CPU
		{544F7DBA-D9FE-4774-9FE8-13F7D67A18C2}.Debug|Any CPU.Build.0 = Debug|Any CPU
		{544F7DBA-D9FE-4774-9FE8-13F7D67A18C2}.Release|Any CPU.ActiveCfg = Release|Any CPU
		{544F7DBA-D9FE-4774-9FE8-13F7D67A18C2}.Release|Any CPU.Build.0 = Release|Any CPU
		{12387B93-F028-46B6-8F12-59BAE8CC4722}.Debug|Any CPU.ActiveCfg = Debug|Any CPU
		{12387B93-F028-46B6-8F12-59BAE8CC4722}.Debug|Any CPU.Build.0 = Debug|Any CPU
		{12387B93-F028-46B6-8F12-59BAE8CC4722}.Release|Any CPU.ActiveCfg = Release|Any CPU
		{12387B93-F028-46B6-8F12-59BAE8CC4722}.Release|Any CPU.Build.0 = Release|Any CPU
		{A7FFE72C-8642-40C5-B3FF-49C828290DE5}.Debug|Any CPU.ActiveCfg = Debug|Any CPU
		{A7FFE72C-8642-40C5-B3FF-49C828290DE5}.Debug|Any CPU.Build.0 = Debug|Any CPU
		{A7FFE72C-8642-40C5-B3FF-49C828290DE5}.Release|Any CPU.ActiveCfg = Release|Any CPU
		{A7FFE72C-8642-40C5-B3FF-49C828290DE5}.Release|Any CPU.Build.0 = Release|Any CPU
		{300E9B56-BF28-4D97-BEB8-6B0DB4970E06}.Debug|Any CPU.ActiveCfg = Debug|Any CPU
		{300E9B56-BF28-4D97-BEB8-6B0DB4970E06}.Debug|Any CPU.Build.0 = Debug|Any CPU
		{300E9B56-BF28-4D97-BEB8-6B0DB4970E06}.Release|Any CPU.ActiveCfg = Release|Any CPU
		{300E9B56-BF28-4D97-BEB8-6B0DB4970E06}.Release|Any CPU.Build.0 = Release|Any CPU
		{68099389-AD72-4A95-BE3D-14A9B03B4881}.Debug|Any CPU.ActiveCfg = Debug|Any CPU
		{68099389-AD72-4A95-BE3D-14A9B03B4881}.Debug|Any CPU.Build.0 = Debug|Any CPU
		{68099389-AD72-4A95-BE3D-14A9B03B4881}.Release|Any CPU.ActiveCfg = Release|Any CPU
		{68099389-AD72-4A95-BE3D-14A9B03B4881}.Release|Any CPU.Build.0 = Release|Any CPU
		{549FCA83-CC37-4B56-B0F7-F48CAA3A0AEE}.Debug|Any CPU.ActiveCfg = Debug|Any CPU
		{549FCA83-CC37-4B56-B0F7-F48CAA3A0AEE}.Debug|Any CPU.Build.0 = Debug|Any CPU
		{549FCA83-CC37-4B56-B0F7-F48CAA3A0AEE}.Release|Any CPU.ActiveCfg = Release|Any CPU
		{549FCA83-CC37-4B56-B0F7-F48CAA3A0AEE}.Release|Any CPU.Build.0 = Release|Any CPU
	EndGlobalSection
EndGlobal
